
Microsoft Visual Studio Solution File, Format Version 12.00
# Visual Studio Version 17
VisualStudioVersion = 17.9.34728.123
MinimumVisualStudioVersion = 10.0.40219.1
Project("{FAE04EC0-301F-11D3-BF4B-00C04F79EFBC}") = "BlazorApp3", "BlazorApp3\BlazorApp3.csproj", "{05C7EA1B-BE7C-476C-8F7A-6D25C1061D23}"
EndProject
Global
	GlobalSection(SolutionConfigurationPlatforms) = preSolution
		Debug|Any CPU = Debug|Any CPU
		Release|Any CPU = Release|Any CPU
	EndGlobalSection
	GlobalSection(ProjectConfigurationPlatforms) = postSolution
		{05C7EA1B-BE7C-476C-8F7A-6D25C1061D23}.Debug|Any CPU.ActiveCfg = Debug|Any CPU
		{05C7EA1B-BE7C-476C-8F7A-6D25C1061D23}.Debug|Any CPU.Build.0 = Debug|Any CPU
		{05C7EA1B-BE7C-476C-8F7A-6D25C1061D23}.Release|Any CPU.ActiveCfg = Release|Any CPU
		{05C7EA1B-BE7C-476C-8F7A-6D25C1061D23}.Release|Any CPU.Build.0 = Release|Any CPU
	EndGlobalSection
	GlobalSection(SolutionProperties) = preSolution
		HideSolutionNode = FALSE
	EndGlobalSection
	GlobalSection(ExtensibilityGlobals) = postSolution
		SolutionGuid = {47A47537-C12D-4F57-9D1B-2BAF2A3833E3}
	EndGlobalSection
EndGlobal
